
Microsoft Visual Studio Solution File, Format Version 12.00
# Visual Studio Version 16
VisualStudioVersion = 16.0.31402.337
MinimumVisualStudioVersion = 10.0.40219.1
Project("{9A19103F-16F7-4668-BE54-9A1E7A4F7556}") = "IceCoffee.FastSocket", "IceCoffee.FastSocket\IceCoffee.FastSocket.csproj", "{CCB271AF-4AB8-4B4E-BB0C-E07FB49F579E}"
EndProject
Project("{FAE04EC0-301F-11D3-BF4B-00C04F79EFBC}") = "UnitTest", "UnitTest\UnitTest.csproj", "{D9AEC1DF-1643-4557-9911-A55F91C6576C}"
EndProject
Global
	GlobalSection(SolutionConfigurationPlatforms) = preSolution
		Debug|Any CPU = Debug|Any CPU
		Release|Any CPU = Release|Any CPU
	EndGlobalSection
	GlobalSection(ProjectConfigurationPlatforms) = postSolution
		{CCB271AF-4AB8-4B4E-BB0C-E07FB49F579E}.Debug|Any CPU.ActiveCfg = Debug|Any CPU
		{CCB271AF-4AB8-4B4E-BB0C-E07FB49F579E}.Debug|Any CPU.Build.0 = Debug|Any CPU
		{CCB271AF-4AB8-4B4E-BB0C-E07FB49F579E}.Release|Any CPU.ActiveCfg = Release|Any CPU
		{CCB271AF-4AB8-4B4E-BB0C-E07FB49F579E}.Release|Any CPU.Build.0 = Release|Any CPU
		{D9AEC1DF-1643-4557-9911-A55F91C6576C}.Debug|Any CPU.ActiveCfg = Debug|Any CPU
		{D9AEC1DF-1643-4557-9911-A55F91C6576C}.Debug|Any CPU.Build.0 = Debug|Any CPU
		{D9AEC1DF-1643-4557-9911-A55F91C6576C}.Release|Any CPU.ActiveCfg = Release|Any CPU
		{D9AEC1DF-1643-4557-9911-A55F91C6576C}.Release|Any CPU.Build.0 = Release|Any CPU
	EndGlobalSection
	GlobalSection(SolutionProperties) = preSolution
		HideSolutionNode = FALSE
	EndGlobalSection
	GlobalSection(ExtensibilityGlobals) = postSolution
		SolutionGuid = {02D56C72-13DA-42F5-992A-D7F589499D44}
	EndGlobalSection
EndGlobal
